// !$*UTF8*$!
{
	archiveVersion = 1;
	classes = {
	};
	objectVersion = 50;
	objects = {

/* Begin PBXBuildFile section */
		1D01A0FD235C959C001EBD14 /* img1.png in Resources */ = {isa = PBXBuildFile; fileRef = 1D01A0F8235C959C001EBD14 /* img1.png */; };
		1D01A0FE235C959C001EBD14 /* img2.jpg in Resources */ = {isa = PBXBuildFile; fileRef = 1D01A0F9235C959C001EBD14 /* img2.jpg */; };
		1D01A0FF235C959C001EBD14 /* img3.jpg in Resources */ = {isa = PBXBuildFile; fileRef = 1D01A0FA235C959C001EBD14 /* img3.jpg */; };
		1D01A100235C959C001EBD14 /* img4.jpg in Resources */ = {isa = PBXBuildFile; fileRef = 1D01A0FB235C959C001EBD14 /* img4.jpg */; };
		1D01A101235C959C001EBD14 /* img5.jpg in Resources */ = {isa = PBXBuildFile; fileRef = 1D01A0FC235C959C001EBD14 /* img5.jpg */; };
		1D6A8BB2235C059500BB0BDE /* AppDelegate.swift in Sources */ = {isa = PBXBuildFile; fileRef = 1D6A8BB1235C059500BB0BDE /* AppDelegate.swift */; };
		1D6A8BB4235C059500BB0BDE /* SceneDelegate.swift in Sources */ = {isa = PBXBuildFile; fileRef = 1D6A8BB3235C059500BB0BDE /* SceneDelegate.swift */; };
		1D6A8BB6235C059500BB0BDE /* ViewController.swift in Sources */ = {isa = PBXBuildFile; fileRef = 1D6A8BB5235C059500BB0BDE /* ViewController.swift */; };
		1D6A8BB9235C059500BB0BDE /* Main.storyboard in Resources */ = {isa = PBXBuildFile; fileRef = 1D6A8BB7235C059500BB0BDE /* Main.storyboard */; };
		1D6A8BBB235C059600BB0BDE /* Assets.xcassets in Resources */ = {isa = PBXBuildFile; fileRef = 1D6A8BBA235C059600BB0BDE /* Assets.xcassets */; };
		1D6A8BBE235C059600BB0BDE /* LaunchScreen.storyboard in Resources */ = {isa = PBXBuildFile; fileRef = 1D6A8BBC235C059600BB0BDE /* LaunchScreen.storyboard */; };
		1D6A8BC6235C0D2100BB0BDE /* Travel.swift in Sources */ = {isa = PBXBuildFile; fileRef = 1D6A8BC5235C0D2100BB0BDE /* Travel.swift */; };
		1D6A8BCC235C11B800BB0BDE /* TableViewCell.swift in Sources */ = {isa = PBXBuildFile; fileRef = 1D6A8BCB235C11B800BB0BDE /* TableViewCell.swift */; };
		1D8A4700235C997500D7C988 /* TravelDAO.swift in Sources */ = {isa = PBXBuildFile; fileRef = 1D01A107235C9702001EBD14 /* TravelDAO.swift */; };
/* End PBXBuildFile section */

/* Begin PBXFileReference section */
		1D01A0F8235C959C001EBD14 /* img1.png */ = {isa = PBXFileReference; lastKnownFileType = image.png; path = img1.png; sourceTree = "<group>"; };
		1D01A0F9235C959C001EBD14 /* img2.jpg */ = {isa = PBXFileReference; lastKnownFileType = image.jpeg; path = img2.jpg; sourceTree = "<group>"; };
		1D01A0FA235C959C001EBD14 /* img3.jpg */ = {isa = PBXFileReference; lastKnownFileType = image.jpeg; path = img3.jpg; sourceTree = "<group>"; };
		1D01A0FB235C959C001EBD14 /* img4.jpg */ = {isa = PBXFileReference; lastKnownFileType = image.jpeg; path = img4.jpg; sourceTree = "<group>"; };
		1D01A0FC235C959C001EBD14 /* img5.jpg */ = {isa = PBXFileReference; lastKnownFileType = image.jpeg; path = img5.jpg; sourceTree = "<group>"; };
		1D01A107235C9702001EBD14 /* TravelDAO.swift */ = {isa = PBXFileReference; lastKnownFileType = sourcecode.swift; path = TravelDAO.swift; sourceTree = "<group>"; };
		1D6A8BAE235C059500BB0BDE /* travels.app */ = {isa = PBXFileReference; explicitFileType = wrapper.application; includeInIndex = 0; path = travels.app; sourceTree = BUILT_PRODUCTS_DIR; };
		1D6A8BB1235C059500BB0BDE /* AppDelegate.swift */ = {isa = PBXFileReference; lastKnownFileType = sourcecode.swift; path = AppDelegate.swift; sourceTree = "<group>"; };
		1D6A8BB3235C059500BB0BDE /* SceneDelegate.swift */ = {isa = PBXFileReference; lastKnownFileType = sourcecode.swift; path = SceneDelegate.swift; sourceTree = "<group>"; };
		1D6A8BB5235C059500BB0BDE /* ViewController.swift */ = {isa = PBXFileReference; lastKnownFileType = sourcecode.swift; path = ViewController.swift; sourceTree = "<group>"; };
		1D6A8BB8235C059500BB0BDE /* Base */ = {isa = PBXFileReference; lastKnownFileType = file.storyboard; name = Base; path = Base.lproj/Main.storyboard; sourceTree = "<group>"; };
		1D6A8BBA235C059600BB0BDE /* Assets.xcassets */ = {isa = PBXFileReference; lastKnownFileType = folder.assetcatalog; path = Assets.xcassets; sourceTree = "<group>"; };
		1D6A8BBD235C059600BB0BDE /* Base */ = {isa = PBXFileReference; lastKnownFileType = file.storyboard; name = Base; path = Base.lproj/LaunchScreen.storyboard; sourceTree = "<group>"; };
		1D6A8BBF235C059600BB0BDE /* Info.plist */ = {isa = PBXFileReference; lastKnownFileType = text.plist.xml; path = Info.plist; sourceTree = "<group>"; };
		1D6A8BC5235C0D2100BB0BDE /* Travel.swift */ = {isa = PBXFileReference; lastKnownFileType = sourcecode.swift; path = Travel.swift; sourceTree = "<group>"; };
		1D6A8BCB235C11B800BB0BDE /* TableViewCell.swift */ = {isa = PBXFileReference; lastKnownFileType = sourcecode.swift; path = TableViewCell.swift; sourceTree = "<group>"; };
/* End PBXFileReference section */

/* Begin PBXFrameworksBuildPhase section */
		1D6A8BAB235C059500BB0BDE /* Frameworks */ = {
			isa = PBXFrameworksBuildPhase;
			buildActionMask = 2147483647;
			files = (
			);
			runOnlyForDeploymentPostprocessing = 0;
		};
/* End PBXFrameworksBuildPhase section */

/* Begin PBXGroup section */
		1D01A0F7235C959C001EBD14 /* Assets */ = {
			isa = PBXGroup;
			children = (
				1D01A0F8235C959C001EBD14 /* img1.png */,
				1D01A0F9235C959C001EBD14 /* img2.jpg */,
				1D01A0FA235C959C001EBD14 /* img3.jpg */,
				1D01A0FB235C959C001EBD14 /* img4.jpg */,
				1D01A0FC235C959C001EBD14 /* img5.jpg */,
			);
			name = Assets;
			path = "../../../../Downloads/Arquivos Projeto 2/Assets";
			sourceTree = "<group>";
		};
		1D01A102235C9669001EBD14 /* Model */ = {
			isa = PBXGroup;
			children = (
				1D6A8BC5235C0D2100BB0BDE /* Travel.swift */,
			);
			path = Model;
			sourceTree = "<group>";
		};
		1D01A103235C9687001EBD14 /* Home */ = {
			isa = PBXGroup;
			children = (
				1D01A105235C96E1001EBD14 /* View */,
				1D01A104235C96D4001EBD14 /* Controller */,
			);
			path = Home;
			sourceTree = "<group>";
		};
		1D01A104235C96D4001EBD14 /* Controller */ = {
			isa = PBXGroup;
			children = (
				1D6A8BB5235C059500BB0BDE /* ViewController.swift */,
			);
			path = Controller;
			sourceTree = "<group>";
		};
		1D01A105235C96E1001EBD14 /* View */ = {
			isa = PBXGroup;
			children = (
				1D6A8BCB235C11B800BB0BDE /* TableViewCell.swift */,
			);
			path = View;
			sourceTree = "<group>";
		};
		1D6A8BA5235C059500BB0BDE = {
			isa = PBXGroup;
			children = (
				1D6A8BB0235C059500BB0BDE /* travels */,
				1D6A8BAF235C059500BB0BDE /* Products */,
			);
			sourceTree = "<group>";
		};
		1D6A8BAF235C059500BB0BDE /* Products */ = {
			isa = PBXGroup;
			children = (
				1D6A8BAE235C059500BB0BDE /* travels.app */,
			);
			name = Products;
			sourceTree = "<group>";
		};
		1D6A8BB0235C059500BB0BDE /* travels */ = {
			isa = PBXGroup;
			children = (
				1D6A8BB1235C059500BB0BDE /* AppDelegate.swift */,
				1D01A102235C9669001EBD14 /* Model */,
				1D01A103235C9687001EBD14 /* Home */,
				1D6A8BB3235C059500BB0BDE /* SceneDelegate.swift */,
				1D01A107235C9702001EBD14 /* TravelDAO.swift */,
				1D6A8BB7235C059500BB0BDE /* Main.storyboard */,
				1D01A0F7235C959C001EBD14 /* Assets */,
				1D6A8BBA235C059600BB0BDE /* Assets.xcassets */,
				1D6A8BBC235C059600BB0BDE /* LaunchScreen.storyboard */,
				1D6A8BBF235C059600BB0BDE /* Info.plist */,
			);
			path = travels;
			sourceTree = "<group>";
		};
/* End PBXGroup section */

/* Begin PBXNativeTarget section */
		1D6A8BAD235C059500BB0BDE /* travels */ = {
			isa = PBXNativeTarget;
			buildConfigurationList = 1D6A8BC2235C059600BB0BDE /* Build configuration list for PBXNativeTarget "travels" */;
			buildPhases = (
				1D6A8BAA235C059500BB0BDE /* Sources */,
				1D6A8BAB235C059500BB0BDE /* Frameworks */,
				1D6A8BAC235C059500BB0BDE /* Resources */,
			);
			buildRules = (
			);
			dependencies = (
			);
			name = travels;
			productName = travels;
			productReference = 1D6A8BAE235C059500BB0BDE /* travels.app */;
			productType = "com.apple.product-type.application";
		};
/* End PBXNativeTarget section */

/* Begin PBXProject section */
		1D6A8BA6235C059500BB0BDE /* Project object */ = {
			isa = PBXProject;
			attributes = {
				LastSwiftUpdateCheck = 1110;
				LastUpgradeCheck = 1110;
				ORGANIZATIONNAME = "ivan favarin";
				TargetAttributes = {
					1D6A8BAD235C059500BB0BDE = {
						CreatedOnToolsVersion = 11.1;
					};
				};
			};
			buildConfigurationList = 1D6A8BA9235C059500BB0BDE /* Build configuration list for PBXProject "travels" */;
			compatibilityVersion = "Xcode 9.3";
			developmentRegion = en;
			hasScannedForEncodings = 0;
			knownRegions = (
				en,
				Base,
			);
			mainGroup = 1D6A8BA5235C059500BB0BDE;
			productRefGroup = 1D6A8BAF235C059500BB0BDE /* Products */;
			projectDirPath = "";
			projectRoot = "";
			targets = (
				1D6A8BAD235C059500BB0BDE /* travels */,
			);
		};
/* End PBXProject section */

/* Begin PBXResourcesBuildPhase section */
		1D6A8BAC235C059500BB0BDE /* Resources */ = {
			isa = PBXResourcesBuildPhase;
			buildActionMask = 2147483647;
			files = (
				1D01A100235C959C001EBD14 /* img4.jpg in Resources */,
				1D01A101235C959C001EBD14 /* img5.jpg in Resources */,
				1D6A8BBE235C059600BB0BDE /* LaunchScreen.storyboard in Resources */,
				1D01A0FF235C959C001EBD14 /* img3.jpg in Resources */,
				1D01A0FE235C959C001EBD14 /* img2.jpg in Resources */,
				1D01A0FD235C959C001EBD14 /* img1.png in Resources */,
				1D6A8BBB235C059600BB0BDE /* Assets.xcassets in Resources */,
				1D6A8BB9235C059500BB0BDE /* Main.storyboard in Resources */,
			);
			runOnlyForDeploymentPostprocessing = 0;
		};
/* End PBXResourcesBuildPhase section */

/* Begin PBXSourcesBuildPhase section */
		1D6A8BAA235C059500BB0BDE /* Sources */ = {
			isa = PBXSourcesBuildPhase;
			buildActionMask = 2147483647;
			files = (
				1D6A8BB6235C059500BB0BDE /* ViewController.swift in Sources */,
				1D6A8BC6235C0D2100BB0BDE /* Travel.swift in Sources */,
				1D8A4700235C997500D7C988 /* TravelDAO.swift in Sources */,
				1D6A8BCC235C11B800BB0BDE /* TableViewCell.swift in Sources */,
				1D6A8BB2235C059500BB0BDE /* AppDelegate.swift in Sources */,
				1D6A8BB4235C059500BB0BDE /* SceneDelegate.swift in Sources */,
			);
			runOnlyForDeploymentPostprocessing = 0;
		};
/* End PBXSourcesBuildPhase section */

/* Begin PBXVariantGroup section */
		1D6A8BB7235C059500BB0BDE /* Main.storyboard */ = {
			isa = PBXVariantGroup;
			children = (
				1D6A8BB8235C059500BB0BDE /* Base */,
			);
			name = Main.storyboard;
			sourceTree = "<group>";
		};
		1D6A8BBC235C059600BB0BDE /* LaunchScreen.storyboard */ = {
			isa = PBXVariantGroup;
			children = (
				1D6A8BBD235C059600BB0BDE /* Base */,
			);
			name = LaunchScreen.storyboard;
			sourceTree = "<group>";
		};
/* End PBXVariantGroup section */

/* Begin XCBuildConfiguration section */
		1D6A8BC0235C059600BB0BDE /* Debug */ = {
			isa = XCBuildConfiguration;
			buildSettings = {
				ALWAYS_SEARCH_USER_PATHS = NO;
				CLANG_ANALYZER_NONNULL = YES;
				CLANG_ANALYZER_NUMBER_OBJECT_CONVERSION = YES_AGGRESSIVE;
				CLANG_CXX_LANGUAGE_STANDARD = "gnu++14";
				CLANG_CXX_LIBRARY = "libc++";
				CLANG_ENABLE_MODULES = YES;
				CLANG_ENABLE_OBJC_ARC = YES;
				CLANG_ENABLE_OBJC_WEAK = YES;
				CLANG_WARN_BLOCK_CAPTURE_AUTORELEASING = YES;
				CLANG_WARN_BOOL_CONVERSION = YES;
				CLANG_WARN_COMMA = YES;
				CLANG_WARN_CONSTANT_CONVERSION = YES;
				CLANG_WARN_DEPRECATED_OBJC_IMPLEMENTATIONS = YES;
				CLANG_WARN_DIRECT_OBJC_ISA_USAGE = YES_ERROR;
				CLANG_WARN_DOCUMENTATION_COMMENTS = YES;
				CLANG_WARN_EMPTY_BODY = YES;
				CLANG_WARN_ENUM_CONVERSION = YES;
				CLANG_WARN_INFINITE_RECURSION = YES;
				CLANG_WARN_INT_CONVERSION = YES;
				CLANG_WARN_NON_LITERAL_NULL_CONVERSION = YES;
				CLANG_WARN_OBJC_IMPLICIT_RETAIN_SELF = YES;
				CLANG_WARN_OBJC_LITERAL_CONVERSION = YES;
				CLANG_WARN_OBJC_ROOT_CLASS = YES_ERROR;
				CLANG_WARN_RANGE_LOOP_ANALYSIS = YES;
				CLANG_WARN_STRICT_PROTOTYPES = YES;
				CLANG_WARN_SUSPICIOUS_MOVE = YES;
				CLANG_WARN_UNGUARDED_AVAILABILITY = YES_AGGRESSIVE;
				CLANG_WARN_UNREACHABLE_CODE = YES;
				CLANG_WARN__DUPLICATE_METHOD_MATCH = YES;
				COPY_PHASE_STRIP = NO;
				DEBUG_INFORMATION_FORMAT = dwarf;
				ENABLE_STRICT_OBJC_MSGSEND = YES;
				ENABLE_TESTABILITY = YES;
				GCC_C_LANGUAGE_STANDARD = gnu11;
				GCC_DYNAMIC_NO_PIC = NO;
				GCC_NO_COMMON_BLOCKS = YES;
				GCC_OPTIMIZATION_LEVEL = 0;
				GCC_PREPROCESSOR_DEFINITIONS = (
					"DEBUG=1",
					"$(inherited)",
				);
				GCC_WARN_64_TO_32_BIT_CONVERSION = YES;
				GCC_WARN_ABOUT_RETURN_TYPE = YES_ERROR;
				GCC_WARN_UNDECLARED_SELECTOR = YES;
				GCC_WARN_UNINITIALIZED_AUTOS = YES_AGGRESSIVE;
				GCC_WARN_UNUSED_FUNCTION = YES;
				GCC_WARN_UNUSED_VARIABLE = YES;
				IPHONEOS_DEPLOYMENT_TARGET = 13.1;
				MTL_ENABLE_DEBUG_INFO = INCLUDE_SOURCE;
				MTL_FAST_MATH = YES;
				ONLY_ACTIVE_ARCH = YES;
				SDKROOT = iphoneos;
				SWIFT_ACTIVE_COMPILATION_CONDITIONS = DEBUG;
				SWIFT_OPTIMIZATION_LEVEL = "-Onone";
			};
			name = Debug;
		};
		1D6A8BC1235C059600BB0BDE /* Release */ = {
			isa = XCBuildConfiguration;
			buildSettings = {
				ALWAYS_SEARCH_USER_PATHS = NO;
				CLANG_ANALYZER_NONNULL = YES;
				CLANG_ANALYZER_NUMBER_OBJECT_CONVERSION = YES_AGGRESSIVE;
				CLANG_CXX_LANGUAGE_STANDARD = "gnu++14";
				CLANG_CXX_LIBRARY = "libc++";
				CLANG_ENABLE_MODULES = YES;
				CLANG_ENABLE_OBJC_ARC = YES;
				CLANG_ENABLE_OBJC_WEAK = YES;
				CLANG_WARN_BLOCK_CAPTURE_AUTORELEASING = YES;
				CLANG_WARN_BOOL_CONVERSION = YES;
				CLANG_WARN_COMMA = YES;
				CLANG_WARN_CONSTANT_CONVERSION = YES;
				CLANG_WARN_DEPRECATED_OBJC_IMPLEMENTATIONS = YES;
				CLANG_WARN_DIRECT_OBJC_ISA_USAGE = YES_ERROR;
				CLANG_WARN_DOCUMENTATION_COMMENTS = YES;
				CLANG_WARN_EMPTY_BODY = YES;
				CLANG_WARN_ENUM_CONVERSION = YES;
				CLANG_WARN_INFINITE_RECURSION = YES;
				CLANG_WARN_INT_CONVERSION = YES;
				CLANG_WARN_NON_LITERAL_NULL_CONVERSION = YES;
				CLANG_WARN_OBJC_IMPLICIT_RETAIN_SELF = YES;
				CLANG_WARN_OBJC_LITERAL_CONVERSION = YES;
				CLANG_WARN_OBJC_ROOT_CLASS = YES_ERROR;
				CLANG_WARN_RANGE_LOOP_ANALYSIS = YES;
				CLANG_WARN_STRICT_PROTOTYPES = YES;
				CLANG_WARN_SUSPICIOUS_MOVE = YES;
				CLANG_WARN_UNGUARDED_AVAILABILITY = YES_AGGRESSIVE;
				CLANG_WARN_UNREACHABLE_CODE = YES;
				CLANG_WARN__DUPLICATE_METHOD_MATCH = YES;
				COPY_PHASE_STRIP = NO;
				DEBUG_INFORMATION_FORMAT = "dwarf-with-dsym";
				ENABLE_NS_ASSERTIONS = NO;
				ENABLE_STRICT_OBJC_MSGSEND = YES;
				GCC_C_LANGUAGE_STANDARD = gnu11;
				GCC_NO_COMMON_BLOCKS = YES;
				GCC_WARN_64_TO_32_BIT_CONVERSION = YES;
				GCC_WARN_ABOUT_RETURN_TYPE = YES_ERROR;
				GCC_WARN_UNDECLARED_SELECTOR = YES;
				GCC_WARN_UNINITIALIZED_AUTOS = YES_AGGRESSIVE;
				GCC_WARN_UNUSED_FUNCTION = YES;
				GCC_WARN_UNUSED_VARIABLE = YES;
				IPHONEOS_DEPLOYMENT_TARGET = 13.1;
				MTL_ENABLE_DEBUG_INFO = NO;
				MTL_FAST_MATH = YES;
				SDKROOT = iphoneos;
				SWIFT_COMPILATION_MODE = wholemodule;
				SWIFT_OPTIMIZATION_LEVEL = "-O";
				VALIDATE_PRODUCT = YES;
			};
			name = Release;
		};
		1D6A8BC3235C059600BB0BDE /* Debug */ = {
			isa = XCBuildConfiguration;
			buildSettings = {
				ASSETCATALOG_COMPILER_APPICON_NAME = AppIcon;
				CODE_SIGN_STYLE = Automatic;
				INFOPLIST_FILE = travels/Info.plist;
				LD_RUNPATH_SEARCH_PATHS = (
					"$(inherited)",
					"@executable_path/Frameworks",
				);
				PRODUCT_BUNDLE_IDENTIFIER = br.com.ivan.travels;
				PRODUCT_NAME = "$(TARGET_NAME)";
				SWIFT_VERSION = 5.0;
				TARGETED_DEVICE_FAMILY = "1,2";
			};
			name = Debug;
		};
		1D6A8BC4235C059600BB0BDE /* Release */ = {
			isa = XCBuildConfiguration;
			buildSettings = {
				ASSETCATALOG_COMPILER_APPICON_NAME = AppIcon;
				CODE_SIGN_STYLE = Automatic;
				INFOPLIST_FILE = travels/Info.plist;
				LD_RUNPATH_SEARCH_PATHS = (
					"$(inherited)",
					"@executable_path/Frameworks",
				);
				PRODUCT_BUNDLE_IDENTIFIER = br.com.ivan.travels;
				PRODUCT_NAME = "$(TARGET_NAME)";
				SWIFT_VERSION = 5.0;
				TARGETED_DEVICE_FAMILY = "1,2";
			};
			name = Release;
		};
/* End XCBuildConfiguration section */

/* Begin XCConfigurationList section */
		1D6A8BA9235C059500BB0BDE /* Build configuration list for PBXProject "travels" */ = {
			isa = XCConfigurationList;
			buildConfigurations = (
				1D6A8BC0235C059600BB0BDE /* Debug */,
				1D6A8BC1235C059600BB0BDE /* Release */,
			);
			defaultConfigurationIsVisible = 0;
			defaultConfigurationName = Release;
		};
		1D6A8BC2235C059600BB0BDE /* Build configuration list for PBXNativeTarget "travels" */ = {
			isa = XCConfigurationList;
			buildConfigurations = (
				1D6A8BC3235C059600BB0BDE /* Debug */,
				1D6A8BC4235C059600BB0BDE /* Release */,
			);
			defaultConfigurationIsVisible = 0;
			defaultConfigurationName = Release;
		};
/* End XCConfigurationList section */
	};
	rootObject = 1D6A8BA6235C059500BB0BDE /* Project object */;
}
